
Microsoft Visual Studio Solution File, Format Version 12.00
# Visual Studio Version 16
VisualStudioVersion = 16.0.31205.134
MinimumVisualStudioVersion = 10.0.40219.1
Project("{9A19103F-16F7-4668-BE54-9A1E7A4F7556}") = "CS5_04", "CS5_04\CS5_04.csproj", "{17642302-8AD5-4FAF-9F0D-5D32A0744DAE}"
EndProject
Project("{FAE04EC0-301F-11D3-BF4B-00C04F79EFBC}") = "Task02", "Task02\Task02.csproj", "{A0037515-0EC2-4E91-8C5A-D5A865ADE818}"
EndProject
Project("{FAE04EC0-301F-11D3-BF4B-00C04F79EFBC}") = "Task03", "Task03\Task03.csproj", "{04E49B03-3AE9-45C6-B4BC-A18F2A77BED2}"
EndProject
Global
	GlobalSection(SolutionConfigurationPlatforms) = preSolution
		Debug|Any CPU = Debug|Any CPU
		Release|Any CPU = Release|Any CPU
	EndGlobalSection
	GlobalSection(ProjectConfigurationPlatforms) = postSolution
		{17642302-8AD5-4FAF-9F0D-5D32A0744DAE}.Debug|Any CPU.ActiveCfg = Debug|Any CPU
		{17642302-8AD5-4FAF-9F0D-5D32A0744DAE}.Debug|Any CPU.Build.0 = Debug|Any CPU
		{17642302-8AD5-4FAF-9F0D-5D32A0744DAE}.Release|Any CPU.ActiveCfg = Release|Any CPU
		{17642302-8AD5-4FAF-9F0D-5D32A0744DAE}.Release|Any CPU.Build.0 = Release|Any CPU
		{A0037515-0EC2-4E91-8C5A-D5A865ADE818}.Debug|Any CPU.ActiveCfg = Debug|Any CPU
		{A0037515-0EC2-4E91-8C5A-D5A865ADE818}.Debug|Any CPU.Build.0 = Debug|Any CPU
		{A0037515-0EC2-4E91-8C5A-D5A865ADE818}.Release|Any CPU.ActiveCfg = Release|Any CPU
		{A0037515-0EC2-4E91-8C5A-D5A865ADE818}.Release|Any CPU.Build.0 = Release|Any CPU
		{04E49B03-3AE9-45C6-B4BC-A18F2A77BED2}.Debug|Any CPU.ActiveCfg = Debug|Any CPU
		{04E49B03-3AE9-45C6-B4BC-A18F2A77BED2}.Debug|Any CPU.Build.0 = Debug|Any CPU
		{04E49B03-3AE9-45C6-B4BC-A18F2A77BED2}.Release|Any CPU.ActiveCfg = Release|Any CPU
		{04E49B03-3AE9-45C6-B4BC-A18F2A77BED2}.Release|Any CPU.Build.0 = Release|Any CPU
	EndGlobalSection
	GlobalSection(SolutionProperties) = preSolution
		HideSolutionNode = FALSE
	EndGlobalSection
	GlobalSection(ExtensibilityGlobals) = postSolution
		SolutionGuid = {FB55759E-4EA7-4B85-B6FA-0C3D986BE472}
	EndGlobalSection
EndGlobal
